Microsoft Visual Studio Solution File, Format Version 12.00
# Visual Studio 16
Project("{2150E333-8FDC-42A3-9474-1A3956D46DE8}") = "CMakePredefinedTargets", "CMakePredefinedTargets", "{1862598E-236A-3402-8E9D-74147474BAC3}"
EndProject
Project("{8BC9CEB8-8B4A-11D0-8D11-00A0C91BC942}") = "ALL_BUILD", "ALL_BUILD.vcxproj", "{3D87C994-39A8-3769-B0E2-EB13107BBFF5}"
	ProjectSection(ProjectDependencies) = postProject
		{54061F2C-DFE4-3438-A020-04FDA1DDD5E4} = {54061F2C-DFE4-3438-A020-04FDA1DDD5E4}
		{690C7D83-10C4-3D00-9BA2-2046CEAE1666} = {690C7D83-10C4-3D00-9BA2-2046CEAE1666}
		{D2D6FDC2-E227-3B5D-BD1B-CA8C8F21CDBD} = {D2D6FDC2-E227-3B5D-BD1B-CA8C8F21CDBD}
	EndProjectSection
EndProject
Project("{8BC9CEB8-8B4A-11D0-8D11-00A0C91BC942}") = "INSTALL", "INSTALL.vcxproj", "{F670F4F5-04CC-3961-944C-BE1B583A5134}"
	ProjectSection(ProjectDependencies) = postProject
		{3D87C994-39A8-3769-B0E2-EB13107BBFF5} = {3D87C994-39A8-3769-B0E2-EB13107BBFF5}
		{54061F2C-DFE4-3438-A020-04FDA1DDD5E4} = {54061F2C-DFE4-3438-A020-04FDA1DDD5E4}
	EndProjectSection
EndProject
Project("{8BC9CEB8-8B4A-11D0-8D11-00A0C91BC942}") = "PACKAGE", "PACKAGE.vcxproj", "{2C5B1696-3AB6-384C-89CF-F937353CB44C}"
	ProjectSection(ProjectDependencies) = postProject
		{3D87C994-39A8-3769-B0E2-EB13107BBFF5} = {3D87C994-39A8-3769-B0E2-EB13107BBFF5}
		{54061F2C-DFE4-3438-A020-04FDA1DDD5E4} = {54061F2C-DFE4-3438-A020-04FDA1DDD5E4}
	EndProjectSection
EndProject
Project("{8BC9CEB8-8B4A-11D0-8D11-00A0C91BC942}") = "RUN_TESTS", "RUN_TESTS.vcxproj", "{A3D1AA07-9258-3C77-9629-E3C0D129DD52}"
	ProjectSection(ProjectDependencies) = postProject
		{54061F2C-DFE4-3438-A020-04FDA1DDD5E4} = {54061F2C-DFE4-3438-A020-04FDA1DDD5E4}
	EndProjectSection
EndProject
Project("{8BC9CEB8-8B4A-11D0-8D11-00A0C91BC942}") = "ZERO_CHECK", "..\..\\ZERO_CHECK.vcxproj", "{54061F2C-DFE4-3438-A020-04FDA1DDD5E4}"
	ProjectSection(ProjectDependencies) = postProject
	EndProjectSection
EndProject
Project("{8BC9CEB8-8B4A-11D0-8D11-00A0C91BC942}") = "quazip5", "quazip\quazip5.vcxproj", "{690C7D83-10C4-3D00-9BA2-2046CEAE1666}"
	ProjectSection(ProjectDependencies) = postProject
		{54061F2C-DFE4-3438-A020-04FDA1DDD5E4} = {54061F2C-DFE4-3438-A020-04FDA1DDD5E4}
	EndProjectSection
EndProject
Project("{8BC9CEB8-8B4A-11D0-8D11-00A0C91BC942}") = "quazip_static", "quazip\quazip_static.vcxproj", "{D2D6FDC2-E227-3B5D-BD1B-CA8C8F21CDBD}"
	ProjectSection(ProjectDependencies) = postProject
		{54061F2C-DFE4-3438-A020-04FDA1DDD5E4} = {54061F2C-DFE4-3438-A020-04FDA1DDD5E4}
	EndProjectSection
EndProject
Global
	GlobalSection(SolutionConfigurationPlatforms) = preSolution
		Debug|x64 = Debug|x64
		Release|x64 = Release|x64
		MinSizeRel|x64 = MinSizeRel|x64
		RelWithDebInfo|x64 = RelWithDebInfo|x64
	EndGlobalSection
	GlobalSection(ProjectConfigurationPlatforms) = postSolution
		{3D87C994-39A8-3769-B0E2-EB13107BBFF5}.Debug|x64.ActiveCfg = Debug|x64
		{3D87C994-39A8-3769-B0E2-EB13107BBFF5}.Debug|x64.Build.0 = Debug|x64
		{3D87C994-39A8-3769-B0E2-EB13107BBFF5}.Release|x64.ActiveCfg = Release|x64
		{3D87C994-39A8-3769-B0E2-EB13107BBFF5}.Release|x64.Build.0 = Release|x64
		{3D87C994-39A8-3769-B0E2-EB13107BBFF5}.MinSizeRel|x64.ActiveCfg = MinSizeRel|x64
		{3D87C994-39A8-3769-B0E2-EB13107BBFF5}.MinSizeRel|x64.Build.0 = MinSizeRel|x64
		{3D87C994-39A8-3769-B0E2-EB13107BBFF5}.RelWithDebInfo|x64.ActiveCfg = RelWithDebInfo|x64
		{3D87C994-39A8-3769-B0E2-EB13107BBFF5}.RelWithDebInfo|x64.Build.0 = RelWithDebInfo|x64
		{F670F4F5-04CC-3961-944C-BE1B583A5134}.Debug|x64.ActiveCfg = Debug|x64
		{F670F4F5-04CC-3961-944C-BE1B583A5134}.Release|x64.ActiveCfg = Release|x64
		{F670F4F5-04CC-3961-944C-BE1B583A5134}.MinSizeRel|x64.ActiveCfg = MinSizeRel|x64
		{F670F4F5-04CC-3961-944C-BE1B583A5134}.RelWithDebInfo|x64.ActiveCfg = RelWithDebInfo|x64
		{2C5B1696-3AB6-384C-89CF-F937353CB44C}.Debug|x64.ActiveCfg = Debug|x64
		{2C5B1696-3AB6-384C-89CF-F937353CB44C}.Release|x64.ActiveCfg = Release|x64
		{2C5B1696-3AB6-384C-89CF-F937353CB44C}.MinSizeRel|x64.ActiveCfg = MinSizeRel|x64
		{2C5B1696-3AB6-384C-89CF-F937353CB44C}.RelWithDebInfo|x64.ActiveCfg = RelWithDebInfo|x64
		{A3D1AA07-9258-3C77-9629-E3C0D129DD52}.Debug|x64.ActiveCfg = Debug|x64
		{A3D1AA07-9258-3C77-9629-E3C0D129DD52}.Release|x64.ActiveCfg = Release|x64
		{A3D1AA07-9258-3C77-9629-E3C0D129DD52}.MinSizeRel|x64.ActiveCfg = MinSizeRel|x64
		{A3D1AA07-9258-3C77-9629-E3C0D129DD52}.RelWithDebInfo|x64.ActiveCfg = RelWithDebInfo|x64
		{54061F2C-DFE4-3438-A020-04FDA1DDD5E4}.Debug|x64.ActiveCfg = Debug|x64
		{54061F2C-DFE4-3438-A020-04FDA1DDD5E4}.Debug|x64.Build.0 = Debug|x64
		{54061F2C-DFE4-3438-A020-04FDA1DDD5E4}.Release|x64.ActiveCfg = Release|x64
		{54061F2C-DFE4-3438-A020-04FDA1DDD5E4}.Release|x64.Build.0 = Release|x64
		{54061F2C-DFE4-3438-A020-04FDA1DDD5E4}.MinSizeRel|x64.ActiveCfg = MinSizeRel|x64
		{54061F2C-DFE4-3438-A020-04FDA1DDD5E4}.MinSizeRel|x64.Build.0 = MinSizeRel|x64
		{54061F2C-DFE4-3438-A020-04FDA1DDD5E4}.RelWithDebInfo|x64.ActiveCfg = RelWithDebInfo|x64
		{54061F2C-DFE4-3438-A020-04FDA1DDD5E4}.RelWithDebInfo|x64.Build.0 = RelWithDebInfo|x64
		{690C7D83-10C4-3D00-9BA2-2046CEAE1666}.Debug|x64.ActiveCfg = Debug|x64
		{690C7D83-10C4-3D00-9BA2-2046CEAE1666}.Debug|x64.Build.0 = Debug|x64
		{690C7D83-10C4-3D00-9BA2-2046CEAE1666}.Release|x64.ActiveCfg = Release|x64
		{690C7D83-10C4-3D00-9BA2-2046CEAE1666}.Release|x64.Build.0 = Release|x64
		{690C7D83-10C4-3D00-9BA2-2046CEAE1666}.MinSizeRel|x64.ActiveCfg = MinSizeRel|x64
		{690C7D83-10C4-3D00-9BA2-2046CEAE1666}.MinSizeRel|x64.Build.0 = MinSizeRel|x64
		{690C7D83-10C4-3D00-9BA2-2046CEAE1666}.RelWithDebInfo|x64.ActiveCfg = RelWithDebInfo|x64
		{690C7D83-10C4-3D00-9BA2-2046CEAE1666}.RelWithDebInfo|x64.Build.0 = RelWithDebInfo|x64
		{D2D6FDC2-E227-3B5D-BD1B-CA8C8F21CDBD}.Debug|x64.ActiveCfg = Debug|x64
		{D2D6FDC2-E227-3B5D-BD1B-CA8C8F21CDBD}.Debug|x64.Build.0 = Debug|x64
		{D2D6FDC2-E227-3B5D-BD1B-CA8C8F21CDBD}.Release|x64.ActiveCfg = Release|x64
		{D2D6FDC2-E227-3B5D-BD1B-CA8C8F21CDBD}.Release|x64.Build.0 = Release|x64
		{D2D6FDC2-E227-3B5D-BD1B-CA8C8F21CDBD}.MinSizeRel|x64.ActiveCfg = MinSizeRel|x64
		{D2D6FDC2-E227-3B5D-BD1B-CA8C8F21CDBD}.MinSizeRel|x64.Build.0 = MinSizeRel|x64
		{D2D6FDC2-E227-3B5D-BD1B-CA8C8F21CDBD}.RelWithDebInfo|x64.ActiveCfg = RelWithDebInfo|x64
		{D2D6FDC2-E227-3B5D-BD1B-CA8C8F21CDBD}.RelWithDebInfo|x64.Build.0 = RelWithDebInfo|x64
	EndGlobalSection
	GlobalSection(NestedProjects) = preSolution
		{3D87C994-39A8-3769-B0E2-EB13107BBFF5} = {1862598E-236A-3402-8E9D-74147474BAC3}
		{F670F4F5-04CC-3961-944C-BE1B583A5134} = {1862598E-236A-3402-8E9D-74147474BAC3}
		{2C5B1696-3AB6-384C-89CF-F937353CB44C} = {1862598E-236A-3402-8E9D-74147474BAC3}
		{A3D1AA07-9258-3C77-9629-E3C0D129DD52} = {1862598E-236A-3402-8E9D-74147474BAC3}
		{54061F2C-DFE4-3438-A020-04FDA1DDD5E4} = {1862598E-236A-3402-8E9D-74147474BAC3}
	EndGlobalSection
	GlobalSection(ExtensibilityGlobals) = postSolution
		SolutionGuid = {E6BD7239-F5D8-38A6-897B-BFEB0612A64D}
	EndGlobalSection
	GlobalSection(ExtensibilityAddIns) = postSolution
	EndGlobalSection
EndGlobal
